
Microsoft Visual Studio Solution File, Format Version 12.00
# Visual Studio 15
VisualStudioVersion = 15.0.28307.1231
MinimumVisualStudioVersion = 10.0.40219.1
Project("{FAE04EC0-301F-11D3-BF4B-00C04F79EFBC}") = "MarsRover", "MarsRover\MarsRover.csproj", "{7AF2413E-4E9E-4354-9E7F-6D16FA946286}"
EndProject
Global
	GlobalSection(SolutionConfigurationPlatforms) = preSolution
		Debug|Any CPU = Debug|Any CPU
		Release|Any CPU = Release|Any CPU
	EndGlobalSection
	GlobalSection(ProjectConfigurationPlatforms) = postSolution
		{7AF2413E-4E9E-4354-9E7F-6D16FA946286}.Debug|Any CPU.ActiveCfg = Debug|Any CPU
		{7AF2413E-4E9E-4354-9E7F-6D16FA946286}.Debug|Any CPU.Build.0 = Debug|Any CPU
		{7AF2413E-4E9E-4354-9E7F-6D16FA946286}.Release|Any CPU.ActiveCfg = Release|Any CPU
		{7AF2413E-4E9E-4354-9E7F-6D16FA946286}.Release|Any CPU.Build.0 = Release|Any CPU
	EndGlobalSection
	GlobalSection(SolutionProperties) = preSolution
		HideSolutionNode = FALSE
	EndGlobalSection
	GlobalSection(ExtensibilityGlobals) = postSolution
		SolutionGuid = {42F31DFB-0514-410C-9F7E-22C2FDDDCD23}
	EndGlobalSection
EndGlobal
